// !$*UTF8*$!
{
	archiveVersion = 1;
	classes = {
	};
	objectVersion = 50;
	objects = {

/* Begin PBXBuildFile section */
		D0087EC62566B64200FABC22 /* AlbumCollectionViewController.swift in Sources */ = {isa = PBXBuildFile; fileRef = D0087EC52566B64200FABC22 /* AlbumCollectionViewController.swift */; };
		D0087ECB25678C1500FABC22 /* AlbumCollectionViewCell.swift in Sources */ = {isa = PBXBuildFile; fileRef = D0087ECA25678C1500FABC22 /* AlbumCollectionViewCell.swift */; };
		D01AB6A82581176300A4B139 /* DiffableDatasourceCollectionViewController_2.swift in Sources */ = {isa = PBXBuildFile; fileRef = D01AB6A72581176300A4B139 /* DiffableDatasourceCollectionViewController_2.swift */; };
		D03DD4062562C32300DF4F29 /* Photos.xcassets in Resources */ = {isa = PBXBuildFile; fileRef = D03DD4052562C32300DF4F29 /* Photos.xcassets */; };
		D03DD40D2562C4EB00DF4F29 /* Photo.swift in Sources */ = {isa = PBXBuildFile; fileRef = D03DD40C2562C4EB00DF4F29 /* Photo.swift */; };
		D03DD4102562C78E00DF4F29 /* SimpleCollectionViewCell.swift in Sources */ = {isa = PBXBuildFile; fileRef = D03DD40F2562C78E00DF4F29 /* SimpleCollectionViewCell.swift */; };
		D03DD4142562CC1E00DF4F29 /* UIView+AutoLayout.swift in Sources */ = {isa = PBXBuildFile; fileRef = D03DD4132562CC1E00DF4F29 /* UIView+AutoLayout.swift */; };
		D03DD41E2563957900DF4F29 /* PinterestCollectionViewController.swift in Sources */ = {isa = PBXBuildFile; fileRef = D03DD41D2563957900DF4F29 /* PinterestCollectionViewController.swift */; };
		D03DD422256395A500DF4F29 /* PinterestCollectionViewCell.swift in Sources */ = {isa = PBXBuildFile; fileRef = D03DD421256395A500DF4F29 /* PinterestCollectionViewCell.swift */; };
		D03DD425256395BD00DF4F29 /* PinterestLayout.swift in Sources */ = {isa = PBXBuildFile; fileRef = D03DD424256395BD00DF4F29 /* PinterestLayout.swift */; };
		D05DB8C4255CB6D600606ED1 /* AppDelegate.swift in Sources */ = {isa = PBXBuildFile; fileRef = D05DB8C3255CB6D600606ED1 /* AppDelegate.swift */; };
		D05DB8C6255CB6D600606ED1 /* SceneDelegate.swift in Sources */ = {isa = PBXBuildFile; fileRef = D05DB8C5255CB6D600606ED1 /* SceneDelegate.swift */; };
		D05DB8CB255CB6D600606ED1 /* Main.storyboard in Resources */ = {isa = PBXBuildFile; fileRef = D05DB8C9255CB6D600606ED1 /* Main.storyboard */; };
		D05DB8CD255CB6D900606ED1 /* Assets.xcassets in Resources */ = {isa = PBXBuildFile; fileRef = D05DB8CC255CB6D900606ED1 /* Assets.xcassets */; };
		D05DB8D0255CB6D900606ED1 /* LaunchScreen.storyboard in Resources */ = {isa = PBXBuildFile; fileRef = D05DB8CE255CB6D900606ED1 /* LaunchScreen.storyboard */; };
		D05DB8D9255CB73F00606ED1 /* MainTabController.swift in Sources */ = {isa = PBXBuildFile; fileRef = D05DB8D8255CB73F00606ED1 /* MainTabController.swift */; };
		D05DB8DC255CB74A00606ED1 /* SimpleCollectionViewController.swift in Sources */ = {isa = PBXBuildFile; fileRef = D05DB8DB255CB74A00606ED1 /* SimpleCollectionViewController.swift */; };
		D0D645CA257BC0A5000A2985 /* Tweet.swift in Sources */ = {isa = PBXBuildFile; fileRef = D0D645C9257BC0A5000A2985 /* Tweet.swift */; };
		D0D645CF257CC853000A2985 /* DiffableDatasourceCollectionViewController.swift in Sources */ = {isa = PBXBuildFile; fileRef = D0D645CE257CC853000A2985 /* DiffableDatasourceCollectionViewController.swift */; };
		D0D645D9257D1534000A2985 /* User.swift in Sources */ = {isa = PBXBuildFile; fileRef = D0D645D8257D1534000A2985 /* User.swift */; };
/* End PBXBuildFile section */

/* Begin PBXFileReference section */
		D0087EC52566B64200FABC22 /* AlbumCollectionViewController.swift */ = {isa = PBXFileReference; lastKnownFileType = sourcecode.swift; path = AlbumCollectionViewController.swift; sourceTree = "<group>"; };
		D0087ECA25678C1500FABC22 /* AlbumCollectionViewCell.swift */ = {isa = PBXFileReference; lastKnownFileType = sourcecode.swift; path = AlbumCollectionViewCell.swift; sourceTree = "<group>"; };
		D01AB6A72581176300A4B139 /* DiffableDatasourceCollectionViewController_2.swift */ = {isa = PBXFileReference; lastKnownFileType = sourcecode.swift; path = DiffableDatasourceCollectionViewController_2.swift; sourceTree = "<group>"; };
		D03DD4052562C32300DF4F29 /* Photos.xcassets */ = {isa = PBXFileReference; lastKnownFileType = folder.assetcatalog; path = Photos.xcassets; sourceTree = "<group>"; };
		D03DD40C2562C4EB00DF4F29 /* Photo.swift */ = {isa = PBXFileReference; lastKnownFileType = sourcecode.swift; path = Photo.swift; sourceTree = "<group>"; };
		D03DD40F2562C78E00DF4F29 /* SimpleCollectionViewCell.swift */ = {isa = PBXFileReference; lastKnownFileType = sourcecode.swift; path = SimpleCollectionViewCell.swift; sourceTree = "<group>"; };
		D03DD4132562CC1E00DF4F29 /* UIView+AutoLayout.swift */ = {isa = PBXFileReference; lastKnownFileType = sourcecode.swift; path = "UIView+AutoLayout.swift"; sourceTree = "<group>"; };
		D03DD41D2563957900DF4F29 /* PinterestCollectionViewController.swift */ = {isa = PBXFileReference; lastKnownFileType = sourcecode.swift; path = PinterestCollectionViewController.swift; sourceTree = "<group>"; };
		D03DD421256395A500DF4F29 /* PinterestCollectionViewCell.swift */ = {isa = PBXFileReference; lastKnownFileType = sourcecode.swift; path = PinterestCollectionViewCell.swift; sourceTree = "<group>"; };
		D03DD424256395BD00DF4F29 /* PinterestLayout.swift */ = {isa = PBXFileReference; lastKnownFileType = sourcecode.swift; path = PinterestLayout.swift; sourceTree = "<group>"; };
		D05DB8C0255CB6D600606ED1 /* UICollectionViewDemo.app */ = {isa = PBXFileReference; explicitFileType = wrapper.application; includeInIndex = 0; path = UICollectionViewDemo.app; sourceTree = BUILT_PRODUCTS_DIR; };
		D05DB8C3255CB6D600606ED1 /* AppDelegate.swift */ = {isa = PBXFileReference; lastKnownFileType = sourcecode.swift; path = AppDelegate.swift; sourceTree = "<group>"; };
		D05DB8C5255CB6D600606ED1 /* SceneDelegate.swift */ = {isa = PBXFileReference; lastKnownFileType = sourcecode.swift; path = SceneDelegate.swift; sourceTree = "<group>"; };
		D05DB8CA255CB6D600606ED1 /* Base */ = {isa = PBXFileReference; lastKnownFileType = file.storyboard; name = Base; path = Base.lproj/Main.storyboard; sourceTree = "<group>"; };
		D05DB8CC255CB6D900606ED1 /* Assets.xcassets */ = {isa = PBXFileReference; lastKnownFileType = folder.assetcatalog; path = Assets.xcassets; sourceTree = "<group>"; };
		D05DB8CF255CB6D900606ED1 /* Base */ = {isa = PBXFileReference; lastKnownFileType = file.storyboard; name = Base; path = Base.lproj/LaunchScreen.storyboard; sourceTree = "<group>"; };
		D05DB8D1255CB6D900606ED1 /* Info.plist */ = {isa = PBXFileReference; lastKnownFileType = text.plist.xml; path = Info.plist; sourceTree = "<group>"; };
		D05DB8D8255CB73F00606ED1 /* MainTabController.swift */ = {isa = PBXFileReference; lastKnownFileType = sourcecode.swift; path = MainTabController.swift; sourceTree = "<group>"; };
		D05DB8DB255CB74A00606ED1 /* SimpleCollectionViewController.swift */ = {isa = PBXFileReference; lastKnownFileType = sourcecode.swift; path = SimpleCollectionViewController.swift; sourceTree = "<group>"; };
		D0D645C9257BC0A5000A2985 /* Tweet.swift */ = {isa = PBXFileReference; lastKnownFileType = sourcecode.swift; path = Tweet.swift; sourceTree = "<group>"; };
		D0D645CE257CC853000A2985 /* DiffableDatasourceCollectionViewController.swift */ = {isa = PBXFileReference; lastKnownFileType = sourcecode.swift; path = DiffableDatasourceCollectionViewController.swift; sourceTree = "<group>"; };
		D0D645D8257D1534000A2985 /* User.swift */ = {isa = PBXFileReference; lastKnownFileType = sourcecode.swift; path = User.swift; sourceTree = "<group>"; };
/* End PBXFileReference section */

/* Begin PBXFrameworksBuildPhase section */
		D05DB8BD255CB6D600606ED1 /* Frameworks */ = {
			isa = PBXFrameworksBuildPhase;
			buildActionMask = 2147483647;
			files = (
			);
			runOnlyForDeploymentPostprocessing = 0;
		};
/* End PBXFrameworksBuildPhase section */

/* Begin PBXGroup section */
		D0087EC42566B61900FABC22 /* UICollectionViewCompositionalLayout */ = {
			isa = PBXGroup;
			children = (
				D0087EC52566B64200FABC22 /* AlbumCollectionViewController.swift */,
				D0087ECA25678C1500FABC22 /* AlbumCollectionViewCell.swift */,
			);
			path = UICollectionViewCompositionalLayout;
			sourceTree = "<group>";
		};
		D03DD4082562C33100DF4F29 /* Assets */ = {
			isa = PBXGroup;
			children = (
				D03DD4052562C32300DF4F29 /* Photos.xcassets */,
			);
			path = Assets;
			sourceTree = "<group>";
		};
		D03DD4092562C3CC00DF4F29 /* SimpleCollectionView */ = {
			isa = PBXGroup;
			children = (
				D05DB8DB255CB74A00606ED1 /* SimpleCollectionViewController.swift */,
				D03DD40F2562C78E00DF4F29 /* SimpleCollectionViewCell.swift */,
			);
			path = SimpleCollectionView;
			sourceTree = "<group>";
		};
		D03DD40B2562C4E000DF4F29 /* Models */ = {
			isa = PBXGroup;
			children = (
				D03DD40C2562C4EB00DF4F29 /* Photo.swift */,
				D0D645C9257BC0A5000A2985 /* Tweet.swift */,
			);
			path = Models;
			sourceTree = "<group>";
		};
		D03DD4122562CC0E00DF4F29 /* Utils */ = {
			isa = PBXGroup;
			children = (
				D03DD4132562CC1E00DF4F29 /* UIView+AutoLayout.swift */,
			);
			path = Utils;
			sourceTree = "<group>";
		};
		D03DD4192562D3F100DF4F29 /* PinterestCollectionView */ = {
			isa = PBXGroup;
			children = (
				D03DD41D2563957900DF4F29 /* PinterestCollectionViewController.swift */,
				D03DD421256395A500DF4F29 /* PinterestCollectionViewCell.swift */,
				D03DD424256395BD00DF4F29 /* PinterestLayout.swift */,
			);
			path = PinterestCollectionView;
			sourceTree = "<group>";
		};
		D05DB8B7255CB6D600606ED1 = {
			isa = PBXGroup;
			children = (
				D05DB8C2255CB6D600606ED1 /* UICollectionViewDemo */,
				D05DB8C1255CB6D600606ED1 /* Products */,
			);
			sourceTree = "<group>";
		};
		D05DB8C1255CB6D600606ED1 /* Products */ = {
			isa = PBXGroup;
			children = (
				D05DB8C0255CB6D600606ED1 /* UICollectionViewDemo.app */,
			);
			name = Products;
			sourceTree = "<group>";
		};
		D05DB8C2255CB6D600606ED1 /* UICollectionViewDemo */ = {
			isa = PBXGroup;
			children = (
				D03DD4082562C33100DF4F29 /* Assets */,
				D03DD4122562CC0E00DF4F29 /* Utils */,
				D03DD40B2562C4E000DF4F29 /* Models */,
				D05DB8D8255CB73F00606ED1 /* MainTabController.swift */,
				D03DD4092562C3CC00DF4F29 /* SimpleCollectionView */,
				D03DD4192562D3F100DF4F29 /* PinterestCollectionView */,
				D0D645CD257CC7F8000A2985 /* DiffableDatasourceDemo */,
				D0CB235A258117030094517A /* DiffableDatasourceDemo_2 */,
				D0087EC42566B61900FABC22 /* UICollectionViewCompositionalLayout */,
				D05DB8C3255CB6D600606ED1 /* AppDelegate.swift */,
				D05DB8C5255CB6D600606ED1 /* SceneDelegate.swift */,
				D05DB8C9255CB6D600606ED1 /* Main.storyboard */,
				D05DB8CC255CB6D900606ED1 /* Assets.xcassets */,
				D05DB8CE255CB6D900606ED1 /* LaunchScreen.storyboard */,
				D05DB8D1255CB6D900606ED1 /* Info.plist */,
			);
			path = UICollectionViewDemo;
			sourceTree = "<group>";
		};
		D0CB235A258117030094517A /* DiffableDatasourceDemo_2 */ = {
			isa = PBXGroup;
			children = (
				D01AB6A72581176300A4B139 /* DiffableDatasourceCollectionViewController_2.swift */,
			);
			path = DiffableDatasourceDemo_2;
			sourceTree = "<group>";
		};
		D0D645CD257CC7F8000A2985 /* DiffableDatasourceDemo */ = {
			isa = PBXGroup;
			children = (
				D0D645CE257CC853000A2985 /* DiffableDatasourceCollectionViewController.swift */,
				D0D645D8257D1534000A2985 /* User.swift */,
			);
			path = DiffableDatasourceDemo;
			sourceTree = "<group>";
		};
/* End PBXGroup section */

/* Begin PBXNativeTarget section */
		D05DB8BF255CB6D600606ED1 /* UICollectionViewDemo */ = {
			isa = PBXNativeTarget;
			buildConfigurationList = D05DB8D4255CB6D900606ED1 /* Build configuration list for PBXNativeTarget "UICollectionViewDemo" */;
			buildPhases = (
				D05DB8BC255CB6D600606ED1 /* Sources */,
				D05DB8BD255CB6D600606ED1 /* Frameworks */,
				D05DB8BE255CB6D600606ED1 /* Resources */,
			);
			buildRules = (
			);
			dependencies = (
			);
			name = UICollectionViewDemo;
			productName = UICollectionViewDemo;
			productReference = D05DB8C0255CB6D600606ED1 /* UICollectionViewDemo.app */;
			productType = "com.apple.product-type.application";
		};
/* End PBXNativeTarget section */

/* Begin PBXProject section */
		D05DB8B8255CB6D600606ED1 /* Project object */ = {
			isa = PBXProject;
			attributes = {
				LastSwiftUpdateCheck = 1210;
				LastUpgradeCheck = 1210;
				TargetAttributes = {
					D05DB8BF255CB6D600606ED1 = {
						CreatedOnToolsVersion = 12.1;
					};
				};
			};
			buildConfigurationList = D05DB8BB255CB6D600606ED1 /* Build configuration list for PBXProject "UICollectionViewDemo" */;
			compatibilityVersion = "Xcode 9.3";
			developmentRegion = en;
			hasScannedForEncodings = 0;
			knownRegions = (
				en,
				Base,
			);
			mainGroup = D05DB8B7255CB6D600606ED1;
			productRefGroup = D05DB8C1255CB6D600606ED1 /* Products */;
			projectDirPath = "";
			projectRoot = "";
			targets = (
				D05DB8BF255CB6D600606ED1 /* UICollectionViewDemo */,
			);
		};
/* End PBXProject section */

/* Begin PBXResourcesBuildPhase section */
		D05DB8BE255CB6D600606ED1 /* Resources */ = {
			isa = PBXResourcesBuildPhase;
			buildActionMask = 2147483647;
			files = (
				D03DD4062562C32300DF4F29 /* Photos.xcassets in Resources */,
				D05DB8D0255CB6D900606ED1 /* LaunchScreen.storyboard in Resources */,
				D05DB8CD255CB6D900606ED1 /* Assets.xcassets in Resources */,
				D05DB8CB255CB6D600606ED1 /* Main.storyboard in Resources */,
			);
			runOnlyForDeploymentPostprocessing = 0;
		};
/* End PBXResourcesBuildPhase section */

/* Begin PBXSourcesBuildPhase section */
		D05DB8BC255CB6D600606ED1 /* Sources */ = {
			isa = PBXSourcesBuildPhase;
			buildActionMask = 2147483647;
			files = (
				D0D645D9257D1534000A2985 /* User.swift in Sources */,
				D01AB6A82581176300A4B139 /* DiffableDatasourceCollectionViewController_2.swift in Sources */,
				D0087ECB25678C1500FABC22 /* AlbumCollectionViewCell.swift in Sources */,
				D03DD425256395BD00DF4F29 /* PinterestLayout.swift in Sources */,
				D03DD4102562C78E00DF4F29 /* SimpleCollectionViewCell.swift in Sources */,
				D03DD40D2562C4EB00DF4F29 /* Photo.swift in Sources */,
				D05DB8C4255CB6D600606ED1 /* AppDelegate.swift in Sources */,
				D0D645CA257BC0A5000A2985 /* Tweet.swift in Sources */,
				D0D645CF257CC853000A2985 /* DiffableDatasourceCollectionViewController.swift in Sources */,
				D03DD422256395A500DF4F29 /* PinterestCollectionViewCell.swift in Sources */,
				D03DD41E2563957900DF4F29 /* PinterestCollectionViewController.swift in Sources */,
				D05DB8DC255CB74A00606ED1 /* SimpleCollectionViewController.swift in Sources */,
				D03DD4142562CC1E00DF4F29 /* UIView+AutoLayout.swift in Sources */,
				D05DB8D9255CB73F00606ED1 /* MainTabController.swift in Sources */,
				D0087EC62566B64200FABC22 /* AlbumCollectionViewController.swift in Sources */,
				D05DB8C6255CB6D600606ED1 /* SceneDelegate.swift in Sources */,
			);
			runOnlyForDeploymentPostprocessing = 0;
		};
/* End PBXSourcesBuildPhase section */

/* Begin PBXVariantGroup section */
		D05DB8C9255CB6D600606ED1 /* Main.storyboard */ = {
			isa = PBXVariantGroup;
			children = (
				D05DB8CA255CB6D600606ED1 /* Base */,
			);
			name = Main.storyboard;
			sourceTree = "<group>";
		};
		D05DB8CE255CB6D900606ED1 /* LaunchScreen.storyboard */ = {
			isa = PBXVariantGroup;
			children = (
				D05DB8CF255CB6D900606ED1 /* Base */,
			);
			name = LaunchScreen.storyboard;
			sourceTree = "<group>";
		};
/* End PBXVariantGroup section */

/* Begin XCBuildConfiguration section */
		D05DB8D2255CB6D900606ED1 /* Debug */ = {
			isa = XCBuildConfiguration;
			buildSettings = {
				ALWAYS_SEARCH_USER_PATHS = NO;
				CLANG_ANALYZER_NONNULL = YES;
				CLANG_ANALYZER_NUMBER_OBJECT_CONVERSION = YES_AGGRESSIVE;
				CLANG_CXX_LANGUAGE_STANDARD = "gnu++14";
				CLANG_CXX_LIBRARY = "libc++";
				CLANG_ENABLE_MODULES = YES;
				CLANG_ENABLE_OBJC_ARC = YES;
				CLANG_ENABLE_OBJC_WEAK = YES;
				CLANG_WARN_BLOCK_CAPTURE_AUTORELEASING = YES;
				CLANG_WARN_BOOL_CONVERSION = YES;
				CLANG_WARN_COMMA = YES;
				CLANG_WARN_CONSTANT_CONVERSION = YES;
				CLANG_WARN_DEPRECATED_OBJC_IMPLEMENTATIONS = YES;
				CLANG_WARN_DIRECT_OBJC_ISA_USAGE = YES_ERROR;
				CLANG_WARN_DOCUMENTATION_COMMENTS = YES;
				CLANG_WARN_EMPTY_BODY = YES;
				CLANG_WARN_ENUM_CONVERSION = YES;
				CLANG_WARN_INFINITE_RECURSION = YES;
				CLANG_WARN_INT_CONVERSION = YES;
				CLANG_WARN_NON_LITERAL_NULL_CONVERSION = YES;
				CLANG_WARN_OBJC_IMPLICIT_RETAIN_SELF = YES;
				CLANG_WARN_OBJC_LITERAL_CONVERSION = YES;
				CLANG_WARN_OBJC_ROOT_CLASS = YES_ERROR;
				CLANG_WARN_QUOTED_INCLUDE_IN_FRAMEWORK_HEADER = YES;
				CLANG_WARN_RANGE_LOOP_ANALYSIS = YES;
				CLANG_WARN_STRICT_PROTOTYPES = YES;
				CLANG_WARN_SUSPICIOUS_MOVE = YES;
				CLANG_WARN_UNGUARDED_AVAILABILITY = YES_AGGRESSIVE;
				CLANG_WARN_UNREACHABLE_CODE = YES;
				CLANG_WARN__DUPLICATE_METHOD_MATCH = YES;
				COPY_PHASE_STRIP = NO;
				DEBUG_INFORMATION_FORMAT = dwarf;
				ENABLE_STRICT_OBJC_MSGSEND = YES;
				ENABLE_TESTABILITY = YES;
				GCC_C_LANGUAGE_STANDARD = gnu11;
				GCC_DYNAMIC_NO_PIC = NO;
				GCC_NO_COMMON_BLOCKS = YES;
				GCC_OPTIMIZATION_LEVEL = 0;
				GCC_PREPROCESSOR_DEFINITIONS = (
					"DEBUG=1",
					"$(inherited)",
				);
				GCC_WARN_64_TO_32_BIT_CONVERSION = YES;
				GCC_WARN_ABOUT_RETURN_TYPE = YES_ERROR;
				GCC_WARN_UNDECLARED_SELECTOR = YES;
				GCC_WARN_UNINITIALIZED_AUTOS = YES_AGGRESSIVE;
				GCC_WARN_UNUSED_FUNCTION = YES;
				GCC_WARN_UNUSED_VARIABLE = YES;
				IPHONEOS_DEPLOYMENT_TARGET = 14.1;
				MTL_ENABLE_DEBUG_INFO = INCLUDE_SOURCE;
				MTL_FAST_MATH = YES;
				ONLY_ACTIVE_ARCH = YES;
				SDKROOT = iphoneos;
				SWIFT_ACTIVE_COMPILATION_CONDITIONS = DEBUG;
				SWIFT_OPTIMIZATION_LEVEL = "-Onone";
			};
			name = Debug;
		};
		D05DB8D3255CB6D900606ED1 /* Release */ = {
			isa = XCBuildConfiguration;
			buildSettings = {
				ALWAYS_SEARCH_USER_PATHS = NO;
				CLANG_ANALYZER_NONNULL = YES;
				CLANG_ANALYZER_NUMBER_OBJECT_CONVERSION = YES_AGGRESSIVE;
				CLANG_CXX_LANGUAGE_STANDARD = "gnu++14";
				CLANG_CXX_LIBRARY = "libc++";
				CLANG_ENABLE_MODULES = YES;
				CLANG_ENABLE_OBJC_ARC = YES;
				CLANG_ENABLE_OBJC_WEAK = YES;
				CLANG_WARN_BLOCK_CAPTURE_AUTORELEASING = YES;
				CLANG_WARN_BOOL_CONVERSION = YES;
				CLANG_WARN_COMMA = YES;
				CLANG_WARN_CONSTANT_CONVERSION = YES;
				CLANG_WARN_DEPRECATED_OBJC_IMPLEMENTATIONS = YES;
				CLANG_WARN_DIRECT_OBJC_ISA_USAGE = YES_ERROR;
				CLANG_WARN_DOCUMENTATION_COMMENTS = YES;
				CLANG_WARN_EMPTY_BODY = YES;
				CLANG_WARN_ENUM_CONVERSION = YES;
				CLANG_WARN_INFINITE_RECURSION = YES;
				CLANG_WARN_INT_CONVERSION = YES;
				CLANG_WARN_NON_LITERAL_NULL_CONVERSION = YES;
				CLANG_WARN_OBJC_IMPLICIT_RETAIN_SELF = YES;
				CLANG_WARN_OBJC_LITERAL_CONVERSION = YES;
				CLANG_WARN_OBJC_ROOT_CLASS = YES_ERROR;
				CLANG_WARN_QUOTED_INCLUDE_IN_FRAMEWORK_HEADER = YES;
				CLANG_WARN_RANGE_LOOP_ANALYSIS = YES;
				CLANG_WARN_STRICT_PROTOTYPES = YES;
				CLANG_WARN_SUSPICIOUS_MOVE = YES;
				CLANG_WARN_UNGUARDED_AVAILABILITY = YES_AGGRESSIVE;
				CLANG_WARN_UNREACHABLE_CODE = YES;
				CLANG_WARN__DUPLICATE_METHOD_MATCH = YES;
				COPY_PHASE_STRIP = NO;
				DEBUG_INFORMATION_FORMAT = "dwarf-with-dsym";
				ENABLE_NS_ASSERTIONS = NO;
				ENABLE_STRICT_OBJC_MSGSEND = YES;
				GCC_C_LANGUAGE_STANDARD = gnu11;
				GCC_NO_COMMON_BLOCKS = YES;
				GCC_WARN_64_TO_32_BIT_CONVERSION = YES;
				GCC_WARN_ABOUT_RETURN_TYPE = YES_ERROR;
				GCC_WARN_UNDECLARED_SELECTOR = YES;
				GCC_WARN_UNINITIALIZED_AUTOS = YES_AGGRESSIVE;
				GCC_WARN_UNUSED_FUNCTION = YES;
				GCC_WARN_UNUSED_VARIABLE = YES;
				IPHONEOS_DEPLOYMENT_TARGET = 14.1;
				MTL_ENABLE_DEBUG_INFO = NO;
				MTL_FAST_MATH = YES;
				SDKROOT = iphoneos;
				SWIFT_COMPILATION_MODE = wholemodule;
				SWIFT_OPTIMIZATION_LEVEL = "-O";
				VALIDATE_PRODUCT = YES;
			};
			name = Release;
		};
		D05DB8D5255CB6D900606ED1 /* Debug */ = {
			isa = XCBuildConfiguration;
			buildSettings = {
				ASSETCATALOG_COMPILER_APPICON_NAME = AppIcon;
				ASSETCATALOG_COMPILER_GLOBAL_ACCENT_COLOR_NAME = AccentColor;
				CODE_SIGN_STYLE = Automatic;
				INFOPLIST_FILE = UICollectionViewDemo/Info.plist;
				LD_RUNPATH_SEARCH_PATHS = (
					"$(inherited)",
					"@executable_path/Frameworks",
				);
				PRODUCT_BUNDLE_IDENTIFIER = com.gmail.ikeh1024.UICollectionViewDemo;
				PRODUCT_NAME = "$(TARGET_NAME)";
				SWIFT_VERSION = 5.0;
				TARGETED_DEVICE_FAMILY = "1,2";
			};
			name = Debug;
		};
		D05DB8D6255CB6D900606ED1 /* Release */ = {
			isa = XCBuildConfiguration;
			buildSettings = {
				ASSETCATALOG_COMPILER_APPICON_NAME = AppIcon;
				ASSETCATALOG_COMPILER_GLOBAL_ACCENT_COLOR_NAME = AccentColor;
				CODE_SIGN_STYLE = Automatic;
				INFOPLIST_FILE = UICollectionViewDemo/Info.plist;
				LD_RUNPATH_SEARCH_PATHS = (
					"$(inherited)",
					"@executable_path/Frameworks",
				);
				PRODUCT_BUNDLE_IDENTIFIER = com.gmail.ikeh1024.UICollectionViewDemo;
				PRODUCT_NAME = "$(TARGET_NAME)";
				SWIFT_VERSION = 5.0;
				TARGETED_DEVICE_FAMILY = "1,2";
			};
			name = Release;
		};
/* End XCBuildConfiguration section */

/* Begin XCConfigurationList section */
		D05DB8BB255CB6D600606ED1 /* Build configuration list for PBXProject "UICollectionViewDemo" */ = {
			isa = XCConfigurationList;
			buildConfigurations = (
				D05DB8D2255CB6D900606ED1 /* Debug */,
				D05DB8D3255CB6D900606ED1 /* Release */,
			);
			defaultConfigurationIsVisible = 0;
			defaultConfigurationName = Release;
		};
		D05DB8D4255CB6D900606ED1 /* Build configuration list for PBXNativeTarget "UICollectionViewDemo" */ = {
			isa = XCConfigurationList;
			buildConfigurations = (
				D05DB8D5255CB6D900606ED1 /* Debug */,
				D05DB8D6255CB6D900606ED1 /* Release */,
			);
			defaultConfigurationIsVisible = 0;
			defaultConfigurationName = Release;
		};
/* End XCConfigurationList section */
	};
	rootObject = D05DB8B8255CB6D600606ED1 /* Project object */;
}
